
Microsoft Visual Studio Solution File, Format Version 12.00
# Visual Studio 15
VisualStudioVersion = 15.0.28307.421
MinimumVisualStudioVersion = 10.0.40219.1
Project("{FAE04EC0-301F-11D3-BF4B-00C04F79EFBC}") = "05_AutomationSimulator", "05_AutomationSimulator\05_AutomationSimulator.csproj", "{432DEC7D-95EB-459E-9943-940E4630B84D}"
EndProject
Project("{FAE04EC0-301F-11D3-BF4B-00C04F79EFBC}") = "05_AutomationSimulator.Contracts", "05_AutomationSimulator.Contracts\05_AutomationSimulator.Contracts.csproj", "{2ED82DDE-5F20-4837-A957-E42AC8F47C80}"
EndProject
Project("{FAE04EC0-301F-11D3-BF4B-00C04F79EFBC}") = "05_AutomationSimulator.Controller", "05_AutomationSimulator.Controller\05_AutomationSimulator.Controller.csproj", "{70784EE3-EEA3-4F72-9920-F0D16A0757D3}"
EndProject
Global
	GlobalSection(SolutionConfigurationPlatforms) = preSolution
		Debug|Any CPU = Debug|Any CPU
		Release|Any CPU = Release|Any CPU
	EndGlobalSection
	GlobalSection(ProjectConfigurationPlatforms) = postSolution
		{432DEC7D-95EB-459E-9943-940E4630B84D}.Debug|Any CPU.ActiveCfg = Debug|Any CPU
		{432DEC7D-95EB-459E-9943-940E4630B84D}.Debug|Any CPU.Build.0 = Debug|Any CPU
		{432DEC7D-95EB-459E-9943-940E4630B84D}.Release|Any CPU.ActiveCfg = Release|Any CPU
		{432DEC7D-95EB-459E-9943-940E4630B84D}.Release|Any CPU.Build.0 = Release|Any CPU
		{2ED82DDE-5F20-4837-A957-E42AC8F47C80}.Debug|Any CPU.ActiveCfg = Debug|Any CPU
		{2ED82DDE-5F20-4837-A957-E42AC8F47C80}.Debug|Any CPU.Build.0 = Debug|Any CPU
		{2ED82DDE-5F20-4837-A957-E42AC8F47C80}.Release|Any CPU.ActiveCfg = Release|Any CPU
		{2ED82DDE-5F20-4837-A957-E42AC8F47C80}.Release|Any CPU.Build.0 = Release|Any CPU
		{70784EE3-EEA3-4F72-9920-F0D16A0757D3}.Debug|Any CPU.ActiveCfg = Debug|Any CPU
		{70784EE3-EEA3-4F72-9920-F0D16A0757D3}.Debug|Any CPU.Build.0 = Debug|Any CPU
		{70784EE3-EEA3-4F72-9920-F0D16A0757D3}.Release|Any CPU.ActiveCfg = Release|Any CPU
		{70784EE3-EEA3-4F72-9920-F0D16A0757D3}.Release|Any CPU.Build.0 = Release|Any CPU
	EndGlobalSection
	GlobalSection(SolutionProperties) = preSolution
		HideSolutionNode = FALSE
	EndGlobalSection
	GlobalSection(ExtensibilityGlobals) = postSolution
		SolutionGuid = {938FCD6A-95A5-4251-B405-11FA48798613}
	EndGlobalSection
EndGlobal
